
Microsoft Visual Studio Solution File, Format Version 12.00
Project("{FAE04EC0-301F-11D3-BF4B-00C04F79EFBC}") = "EFCore", "EFCore\EFCore.csproj", "{86F02139-A855-46DF-8B80-E0244B8350DF}"
EndProject
Global
	GlobalSection(SolutionConfigurationPlatforms) = preSolution
		Debug|Any CPU = Debug|Any CPU
		Release|Any CPU = Release|Any CPU
	EndGlobalSection
	GlobalSection(ProjectConfigurationPlatforms) = postSolution
		{86F02139-A855-46DF-8B80-E0244B8350DF}.Debug|Any CPU.ActiveCfg = Debug|Any CPU
		{86F02139-A855-46DF-8B80-E0244B8350DF}.Debug|Any CPU.Build.0 = Debug|Any CPU
		{86F02139-A855-46DF-8B80-E0244B8350DF}.Release|Any CPU.ActiveCfg = Release|Any CPU
		{86F02139-A855-46DF-8B80-E0244B8350DF}.Release|Any CPU.Build.0 = Release|Any CPU
	EndGlobalSection
EndGlobal
